
Microsoft Visual Studio Solution File, Format Version 12.00
Project("{FAE04EC0-301F-11D3-BF4B-00C04F79EFBC}") = "MD2RT", "MD2RT\MD2RT.csproj", "{B05128CE-5E4D-4B2E-AC22-2F923C3C361F}"
EndProject
Project("{FAE04EC0-301F-11D3-BF4B-00C04F79EFBC}") = "MD2RT.Tests", "MD2RT.Tests\MD2RT.Tests.csproj", "{C1F3911C-B95D-451F-B6EF-E5D52AAC4CEB}"
EndProject
Project("{FAE04EC0-301F-11D3-BF4B-00C04F79EFBC}") = "MD2RT.Demo", "MD2RT.Demo\MD2RT.Demo.csproj", "{E8406B41-E773-485F-BF04-991F78320572}"
EndProject
Global
	GlobalSection(SolutionConfigurationPlatforms) = preSolution
		Debug|Any CPU = Debug|Any CPU
		Release|Any CPU = Release|Any CPU
	EndGlobalSection
	GlobalSection(ProjectConfigurationPlatforms) = postSolution
		{B05128CE-5E4D-4B2E-AC22-2F923C3C361F}.Debug|Any CPU.ActiveCfg = Debug|Any CPU
		{B05128CE-5E4D-4B2E-AC22-2F923C3C361F}.Debug|Any CPU.Build.0 = Debug|Any CPU
		{B05128CE-5E4D-4B2E-AC22-2F923C3C361F}.Release|Any CPU.ActiveCfg = Release|Any CPU
		{B05128CE-5E4D-4B2E-AC22-2F923C3C361F}.Release|Any CPU.Build.0 = Release|Any CPU
		{C1F3911C-B95D-451F-B6EF-E5D52AAC4CEB}.Debug|Any CPU.ActiveCfg = Debug|Any CPU
		{C1F3911C-B95D-451F-B6EF-E5D52AAC4CEB}.Debug|Any CPU.Build.0 = Debug|Any CPU
		{C1F3911C-B95D-451F-B6EF-E5D52AAC4CEB}.Release|Any CPU.ActiveCfg = Release|Any CPU
		{C1F3911C-B95D-451F-B6EF-E5D52AAC4CEB}.Release|Any CPU.Build.0 = Release|Any CPU
		{E8406B41-E773-485F-BF04-991F78320572}.Debug|Any CPU.ActiveCfg = Debug|Any CPU
		{E8406B41-E773-485F-BF04-991F78320572}.Debug|Any CPU.Build.0 = Debug|Any CPU
		{E8406B41-E773-485F-BF04-991F78320572}.Release|Any CPU.ActiveCfg = Release|Any CPU
		{E8406B41-E773-485F-BF04-991F78320572}.Release|Any CPU.Build.0 = Release|Any CPU
	EndGlobalSection
EndGlobal
